<?xml version="1.0" encoding="utf-8"?>
<Project ToolsVersion="4.0" xmlns="http://schemas.microsoft.com/developer/msbuild/2003">
  <ItemGroup>
    <Filter Include="源文件">
      <UniqueIdentifier>{4FC737F1-C7A5-4376-A066-2A32D752A2FF}</UniqueIdentifier>
      <Extensions>cpp;c;cc;cxx;def;odl;idl;hpj;bat;asm;asmx</Extensions>
    </Filter>
    <Filter Include="头文件">
      <UniqueIdentifier>{93995380-89BD-4b04-88EB-625FBE52EBFB}</UniqueIdentifier>
      <Extensions>h;hh;hpp;hxx;hm;inl;inc;ipp;xsd</Extensions>
    </Filter>
    <Filter Include="资源文件">
      <UniqueIdentifier>{67DA6AB6-F800-4c08-8B7A-83BB121AAD01}</UniqueIdentifier>
      <Extensions>rc;ico;cur;bmp;dlg;rc2;rct;bin;rgs;gif;jpg;jpeg;jpe;resx;tiff;tif;png;wav;mfcribbon-ms</Extensions>
    </Filter>
  </ItemGroup>
  <ItemGroup>
    <Flex Include="lexer.l" />
  </ItemGroup>
  <ItemGroup>
    <ClCompile Include="win\lexer.flex.cpp">
      <Filter>源文件</Filter>
    </ClCompile>
    <ClCompile Include="common\symbol.cpp">
      <Filter>源文件</Filter>
    </ClCompile>
    <ClCompile Include="common\ASTNode.cpp">
      <Filter>源文件</Filter>
    </ClCompile>
    <ClCompile Include="common\CallFunASTNode.cpp">
      <Filter>源文件</Filter>
    </ClCompile>
    <ClCompile Include="common\DefFunASTNode.cpp">
      <Filter>源文件</Filter>
    </ClCompile>
    <ClCompile Include="common\ExpASTNode.cpp">
      <Filter>源文件</Filter>
    </ClCompile>
    <ClCompile Include="common\LiteralASTNode.cpp">
      <Filter>源文件</Filter>
    </ClCompile>
    <ClCompile Include="common\OperatorASTNode.cpp">
      <Filter>源文件</Filter>
    </ClCompile>
    <ClCompile Include="common\StmtASTNode.cpp">
      <Filter>源文件</Filter>
    </ClCompile>
    <ClCompile Include="common\LoopASTNode.cpp">
      <Filter>源文件</Filter>
    </ClCompile>
    <ClCompile Include="Linux\grammar.tab.cpp">
      <Filter>源文件</Filter>
    </ClCompile>
    <ClCompile Include="Linux\lexer.flex.cpp">
      <Filter>源文件</Filter>
    </ClCompile>
    <ClCompile Include="common\SelectASTNode.cpp">
      <Filter>源文件</Filter>
    </ClCompile>
  </ItemGroup>
  <ItemGroup>
    <ClInclude Include="common\symbol.h">
      <Filter>头文件</Filter>
    </ClInclude>
    <ClInclude Include="common\ASTNode.h">
      <Filter>头文件</Filter>
    </ClInclude>
    <ClInclude Include="common\trees.h">
      <Filter>头文件</Filter>
    </ClInclude>
    <ClInclude Include="common\CallFunASTNode.h">
      <Filter>头文件</Filter>
    </ClInclude>
    <ClInclude Include="common\DefFunASTNode.h">
      <Filter>头文件</Filter>
    </ClInclude>
    <ClInclude Include="common\ExpASTNode.h">
      <Filter>头文件</Filter>
    </ClInclude>
    <ClInclude Include="common\LiteralASTNode.h">
      <Filter>头文件</Filter>
    </ClInclude>
    <ClInclude Include="common\OperatorASTNode.h">
      <Filter>头文件</Filter>
    </ClInclude>
    <ClInclude Include="common\StmtASTNode.h">
      <Filter>头文件</Filter>
    </ClInclude>
    <ClInclude Include="common\LoopASTNode.h">
      <Filter>头文件</Filter>
    </ClInclude>
    <ClInclude Include="common\SelectASTNode.h">
      <Filter>头文件</Filter>
    </ClInclude>
    <ClInclude Include="Linux\grammar.tab.h">
      <Filter>头文件</Filter>
    </ClInclude>
  </ItemGroup>
  <ItemGroup>
    <Bison Include="grammar.y" />
  </ItemGroup>
  <ItemGroup>
    <None Include="win_build.bat">
      <Filter>源文件</Filter>
    </None>
    <None Include="LICENSE" />
    <None Include="Makefile" />
    <None Include="README.md" />
    <None Include=".gitignore" />
  </ItemGroup>
  <ItemGroup>
    <Text Include="test\grammar.txt" />
    <Text Include="test\lexical.txt" />
    <Text Include="test\test.txt" />
  </ItemGroup>
</Project>